# THIS IS AN AUTOGENERATED FILE. DO NOT EDIT THIS FILE DIRECTLY.
# yarn lockfile v1


"@ckeditor/ckeditor5-core@^32.0.0":
  version "32.0.0"
  resolved "https://registry.yarnpkg.com/@ckeditor/ckeditor5-core/-/ckeditor5-core-32.0.0.tgz#9f707d0544a8a6d924fdcb8150c297fafffa7ee9"
  integrity sha512-Vf13S2EQ/R7ULFHt13Is6lOunq3tWROqNsE9oclSuzL0kTWoYuzu3JFyEnyMwDMRisl3CDpU7/Bp5VJ76BsRsA==
  dependencies:
    "@ckeditor/ckeditor5-engine" "^32.0.0"
    "@ckeditor/ckeditor5-ui" "^32.0.0"
    "@ckeditor/ckeditor5-utils" "^32.0.0"
    lodash-es "^4.17.15"

"@ckeditor/ckeditor5-engine@^32.0.0":
  version "32.0.0"
  resolved "https://registry.yarnpkg.com/@ckeditor/ckeditor5-engine/-/ckeditor5-engine-32.0.0.tgz#4d4deaacc679bd865e1f122a7776c318156a6137"
  integrity sha512-UuAEnGBdib0hVhCIJByLQ8tKDjdOJkJF/aKsAQth9an95Z7TJ8oqUqhwhUQWtsULu0ugaqb/95t7FUFA+3BJqw==
  dependencies:
    "@ckeditor/ckeditor5-utils" "^32.0.0"
    lodash-es "^4.17.15"

"@ckeditor/ckeditor5-ui@^32.0.0":
  version "32.0.0"
  resolved "https://registry.yarnpkg.com/@ckeditor/ckeditor5-ui/-/ckeditor5-ui-32.0.0.tgz#bb8e2306a19dced5846f618de52b70742baba0db"
  integrity sha512-tkn5Y0ZYkhby8iFnAAZMLyh9zub/okOhzR2IJvS6T95J/w1z2HpJO/yNkdSrU43qXQtmp77o0UQ53PU4PvIp0Q==
  dependencies:
    "@ckeditor/ckeditor5-core" "^32.0.0"
    "@ckeditor/ckeditor5-utils" "^32.0.0"
    lodash-es "^4.17.15"

"@ckeditor/ckeditor5-upload@^32.0.0":
  version "32.0.0"
  resolved "https://registry.yarnpkg.com/@ckeditor/ckeditor5-upload/-/ckeditor5-upload-32.0.0.tgz#f59f24dba12c72d89cff8955eb9dbc5b4628ec38"
  integrity sha512-MSzZqB65zzrvwUOjzdUvuNp7syY5ZGZG3qdQeJBQNAS9G14f5WdzH4tKGK2j4dDX3KGhoCA1RJagpCmwDXqRWw==
  dependencies:
    "@ckeditor/ckeditor5-core" "^32.0.0"
    "@ckeditor/ckeditor5-ui" "^32.0.0"
    "@ckeditor/ckeditor5-utils" "^32.0.0"

"@ckeditor/ckeditor5-utils@^32.0.0":
  version "32.0.0"
  resolved "https://registry.yarnpkg.com/@ckeditor/ckeditor5-utils/-/ckeditor5-utils-32.0.0.tgz#36785bc80c2ab15886d771d701bf2a858e06a593"
  integrity sha512-4O0TW/oeFRGbB+mrXMhx47zEzASdDz87ftiJiI9jcB+S6Pq5+aSqCNc0ZVQBKaj2URNGqFkkT6Kp6eEEsMBVWA==
  dependencies:
    lodash-es "^4.17.15"

lodash-es@^4.17.15:
  version "4.17.21"
  resolved "https://registry.yarnpkg.com/lodash-es/-/lodash-es-4.17.21.tgz#43e626c46e6591b7750beb2b50117390c609e3ee"
  integrity sha512-mKnC+QJ9pWVzv+C4/U3rRsHapFfHvQFoFB92e52xeyGMcX6/OlIl78je1u8vePzYZSkkogMPJ2yjxxsb89cxyw==
