
Microsoft Visual Studio Solution File, Format Version 12.00
# Visual Studio Version 17
VisualStudioVersion = 17.0.32112.339
MinimumVisualStudioVersion = 10.0.40219.1
Project("{2150E333-8FDC-42A3-9474-1A3956D46DE8}") = "Libraries", "Libraries", "{AA2AC848-AEDA-47C2-A796-EF2087772909}"
EndProject
Project("{2150E333-8FDC-42A3-9474-1A3956D46DE8}") = "Modules", "Modules", "{14BD4336-F4AC-4343-896A-1CADB873A8D9}"
EndProject
Project("{9A19103F-16F7-4668-BE54-9A1E7A4F7556}") = "EcdLink.Api.CoreApi", "core-api\EcdLink.Api.CoreApi.csproj", "{27EC14A4-1C7C-4D3A-B9A4-AFC6B20B51AC}"
EndProject
Project("{9A19103F-16F7-4668-BE54-9A1E7A4F7556}") = "ECDLink.DataAccessLayer", "Libraries\Modules\ECDLink.DataAccessLayer\ECDLink.DataAccessLayer.csproj", "{B2613598-0603-4775-9F02-981DBF95CD0A}"
EndProject
Project("{9A19103F-16F7-4668-BE54-9A1E7A4F7556}") = "ECDLink.Security", "Libraries\Modules\ECDLink.Security\ECDLink.Security.csproj", "{419EB23C-25F9-43FC-B4AA-B75B2076A46F}"
EndProject
Project("{9A19103F-16F7-4668-BE54-9A1E7A4F7556}") = "ECDLink.EGraphQL", "Libraries\Modules\ECDLink.GraphQL\ECDLink.EGraphQL.csproj", "{49954E66-D055-45BC-A1BB-453D2A62B2E3}"
EndProject
Project("{9A19103F-16F7-4668-BE54-9A1E7A4F7556}") = "ECDLink.Abstractrions", "Libraries\Modules\ECDLink.Abstractrions\ECDLink.Abstractrions.csproj", "{E5730B17-9EBE-4CDC-9F15-9FE4CD918BFA}"
EndProject
Project("{9A19103F-16F7-4668-BE54-9A1E7A4F7556}") = "ECDLink.Notifications", "Libraries\Modules\ECDLink.Notifications\ECDLink.Notifications.csproj", "{2E374A7B-93B2-451F-A57E-C1AE6EE9EE34}"
EndProject
Project("{9A19103F-16F7-4668-BE54-9A1E7A4F7556}") = "ECDLink.Core", "Libraries\Modules\ECDLink.Core\ECDLink.Core.csproj", "{8ECD57BA-B9CA-4924-B893-92F2E57F730B}"
EndProject
Project("{9A19103F-16F7-4668-BE54-9A1E7A4F7556}") = "ECDLink.AzureStorage", "ECDLink.AzureStorage\ECDLink.AzureStorage.csproj", "{35C0E81C-919E-4062-B5AD-114C24A4A7FA}"
EndProject
Project("{9A19103F-16F7-4668-BE54-9A1E7A4F7556}") = "ECDLink.Development", "Libraries\Modules\ECDLink.Development\ECDLink.Development.csproj", "{A4A06936-BD3E-4B1D-8BB6-20AA1E110AB9}"
EndProject
Project("{9A19103F-16F7-4668-BE54-9A1E7A4F7556}") = "ECDLink.UrlShortner", "Libraries\Modules\ECDLink.UrlShortner\ECDLink.UrlShortner.csproj", "{8F93687E-1665-4343-8DAE-2321D3845E86}"
EndProject
Project("{9A19103F-16F7-4668-BE54-9A1E7A4F7556}") = "ECDLink.ContentManagement", "Libraries\Modules\DataAccess\ECDLink.ContentManagement\ECDLink.ContentManagement.csproj", "{E5A9B4A8-DF8A-4B3E-B096-B8572BF5C2F9}"
EndProject
Project("{9A19103F-16F7-4668-BE54-9A1E7A4F7556}") = "ECDLink.PDFGenerator", "Libraries\Modules\ECDLink.PDFGenerator\ECDLink.PDFGenerator.csproj", "{827EFA96-972B-438C-B39C-87134465C8E2}"
EndProject
Project("{9A19103F-16F7-4668-BE54-9A1E7A4F7556}") = "ECDLink.Tenancy", "ECDLink.Tenancy\ECDLink.Tenancy.csproj", "{9C447DBA-7AFB-4BBD-9AA4-FC6A7CCB5297}"
EndProject
Project("{9A19103F-16F7-4668-BE54-9A1E7A4F7556}") = "ECDLink.PostgresTenancy", "ECDLink.PostgresTenancy\ECDLink.PostgresTenancy.csproj", "{445154F7-F90E-4456-A2BF-2246B5714921}"
EndProject
Project("{2150E333-8FDC-42A3-9474-1A3956D46DE8}") = "Jobs", "Jobs", "{317A9AC1-68B9-4F3C-B326-A5BB6CB1E181}"
EndProject
Project("{9A19103F-16F7-4668-BE54-9A1E7A4F7556}") = "ECDLink.AutomatedJobs", "Jobs\ECDLink.AutomatedJobs\ECDLink.AutomatedJobs.csproj", "{C8A64C57-4865-4707-AFDB-6A43F1A093E2}"
EndProject
Project("{9A19103F-16F7-4668-BE54-9A1E7A4F7556}") = "ECDLink.Moodle", "ECDLink.Moodle\ECDLink.Moodle.csproj", "{57F66D59-6E5F-4B4D-94FF-5F35350A2B7C}"
EndProject
Project("{9A19103F-16F7-4668-BE54-9A1E7A4F7556}") = "ECDLink.Core.UnitTest", "ECDLink.Core.UnitTest\ECDLink.Core.UnitTest.csproj", "{EC1D4027-5130-44D4-99D8-696825CE0C16}"
EndProject
Project("{FAE04EC0-301F-11D3-BF4B-00C04F79EFBC}") = "ECDLink.FileStorage", "ECDLink.FileStorage\ECDLink.FileStorage.csproj", "{0BC0D44A-6F84-4767-80E2-FCAD775DECE5}"
EndProject
Global
	GlobalSection(SolutionConfigurationPlatforms) = preSolution
		Debug|Any CPU = Debug|Any CPU
		Release|Any CPU = Release|Any CPU
	EndGlobalSection
	GlobalSection(ProjectConfigurationPlatforms) = postSolution
		{27EC14A4-1C7C-4D3A-B9A4-AFC6B20B51AC}.Debug|Any CPU.ActiveCfg = Debug|Any CPU
		{27EC14A4-1C7C-4D3A-B9A4-AFC6B20B51AC}.Debug|Any CPU.Build.0 = Debug|Any CPU
		{27EC14A4-1C7C-4D3A-B9A4-AFC6B20B51AC}.Release|Any CPU.ActiveCfg = Release|Any CPU
		{27EC14A4-1C7C-4D3A-B9A4-AFC6B20B51AC}.Release|Any CPU.Build.0 = Release|Any CPU
		{B2613598-0603-4775-9F02-981DBF95CD0A}.Debug|Any CPU.ActiveCfg = Debug|Any CPU
		{B2613598-0603-4775-9F02-981DBF95CD0A}.Debug|Any CPU.Build.0 = Debug|Any CPU
		{B2613598-0603-4775-9F02-981DBF95CD0A}.Release|Any CPU.ActiveCfg = Release|Any CPU
		{B2613598-0603-4775-9F02-981DBF95CD0A}.Release|Any CPU.Build.0 = Release|Any CPU
		{419EB23C-25F9-43FC-B4AA-B75B2076A46F}.Debug|Any CPU.ActiveCfg = Debug|Any CPU
		{419EB23C-25F9-43FC-B4AA-B75B2076A46F}.Debug|Any CPU.Build.0 = Debug|Any CPU
		{419EB23C-25F9-43FC-B4AA-B75B2076A46F}.Release|Any CPU.ActiveCfg = Release|Any CPU
		{419EB23C-25F9-43FC-B4AA-B75B2076A46F}.Release|Any CPU.Build.0 = Release|Any CPU
		{49954E66-D055-45BC-A1BB-453D2A62B2E3}.Debug|Any CPU.ActiveCfg = Debug|Any CPU
		{49954E66-D055-45BC-A1BB-453D2A62B2E3}.Debug|Any CPU.Build.0 = Debug|Any CPU
		{49954E66-D055-45BC-A1BB-453D2A62B2E3}.Release|Any CPU.ActiveCfg = Release|Any CPU
		{49954E66-D055-45BC-A1BB-453D2A62B2E3}.Release|Any CPU.Build.0 = Release|Any CPU
		{E5730B17-9EBE-4CDC-9F15-9FE4CD918BFA}.Debug|Any CPU.ActiveCfg = Debug|Any CPU
		{E5730B17-9EBE-4CDC-9F15-9FE4CD918BFA}.Debug|Any CPU.Build.0 = Debug|Any CPU
		{E5730B17-9EBE-4CDC-9F15-9FE4CD918BFA}.Release|Any CPU.ActiveCfg = Release|Any CPU
		{E5730B17-9EBE-4CDC-9F15-9FE4CD918BFA}.Release|Any CPU.Build.0 = Release|Any CPU
		{2E374A7B-93B2-451F-A57E-C1AE6EE9EE34}.Debug|Any CPU.ActiveCfg = Debug|Any CPU
		{2E374A7B-93B2-451F-A57E-C1AE6EE9EE34}.Debug|Any CPU.Build.0 = Debug|Any CPU
		{2E374A7B-93B2-451F-A57E-C1AE6EE9EE34}.Release|Any CPU.ActiveCfg = Release|Any CPU
		{2E374A7B-93B2-451F-A57E-C1AE6EE9EE34}.Release|Any CPU.Build.0 = Release|Any CPU
		{8ECD57BA-B9CA-4924-B893-92F2E57F730B}.Debug|Any CPU.ActiveCfg = Debug|Any CPU
		{8ECD57BA-B9CA-4924-B893-92F2E57F730B}.Debug|Any CPU.Build.0 = Debug|Any CPU
		{8ECD57BA-B9CA-4924-B893-92F2E57F730B}.Release|Any CPU.ActiveCfg = Release|Any CPU
		{8ECD57BA-B9CA-4924-B893-92F2E57F730B}.Release|Any CPU.Build.0 = Release|Any CPU
		{35C0E81C-919E-4062-B5AD-114C24A4A7FA}.Debug|Any CPU.ActiveCfg = Debug|Any CPU
		{35C0E81C-919E-4062-B5AD-114C24A4A7FA}.Debug|Any CPU.Build.0 = Debug|Any CPU
		{35C0E81C-919E-4062-B5AD-114C24A4A7FA}.Release|Any CPU.ActiveCfg = Release|Any CPU
		{35C0E81C-919E-4062-B5AD-114C24A4A7FA}.Release|Any CPU.Build.0 = Release|Any CPU
		{A4A06936-BD3E-4B1D-8BB6-20AA1E110AB9}.Debug|Any CPU.ActiveCfg = Debug|Any CPU
		{A4A06936-BD3E-4B1D-8BB6-20AA1E110AB9}.Debug|Any CPU.Build.0 = Debug|Any CPU
		{A4A06936-BD3E-4B1D-8BB6-20AA1E110AB9}.Release|Any CPU.ActiveCfg = Release|Any CPU
		{A4A06936-BD3E-4B1D-8BB6-20AA1E110AB9}.Release|Any CPU.Build.0 = Release|Any CPU
		{8F93687E-1665-4343-8DAE-2321D3845E86}.Debug|Any CPU.ActiveCfg = Debug|Any CPU
		{8F93687E-1665-4343-8DAE-2321D3845E86}.Debug|Any CPU.Build.0 = Debug|Any CPU
		{8F93687E-1665-4343-8DAE-2321D3845E86}.Release|Any CPU.ActiveCfg = Release|Any CPU
		{8F93687E-1665-4343-8DAE-2321D3845E86}.Release|Any CPU.Build.0 = Release|Any CPU
		{E5A9B4A8-DF8A-4B3E-B096-B8572BF5C2F9}.Debug|Any CPU.ActiveCfg = Debug|Any CPU
		{E5A9B4A8-DF8A-4B3E-B096-B8572BF5C2F9}.Debug|Any CPU.Build.0 = Debug|Any CPU
		{E5A9B4A8-DF8A-4B3E-B096-B8572BF5C2F9}.Release|Any CPU.ActiveCfg = Release|Any CPU
		{E5A9B4A8-DF8A-4B3E-B096-B8572BF5C2F9}.Release|Any CPU.Build.0 = Release|Any CPU
		{827EFA96-972B-438C-B39C-87134465C8E2}.Debug|Any CPU.ActiveCfg = Debug|Any CPU
		{827EFA96-972B-438C-B39C-87134465C8E2}.Debug|Any CPU.Build.0 = Debug|Any CPU
		{827EFA96-972B-438C-B39C-87134465C8E2}.Release|Any CPU.ActiveCfg = Release|Any CPU
		{827EFA96-972B-438C-B39C-87134465C8E2}.Release|Any CPU.Build.0 = Release|Any CPU
		{9C447DBA-7AFB-4BBD-9AA4-FC6A7CCB5297}.Debug|Any CPU.ActiveCfg = Debug|Any CPU
		{9C447DBA-7AFB-4BBD-9AA4-FC6A7CCB5297}.Debug|Any CPU.Build.0 = Debug|Any CPU
		{9C447DBA-7AFB-4BBD-9AA4-FC6A7CCB5297}.Release|Any CPU.ActiveCfg = Release|Any CPU
		{9C447DBA-7AFB-4BBD-9AA4-FC6A7CCB5297}.Release|Any CPU.Build.0 = Release|Any CPU
		{445154F7-F90E-4456-A2BF-2246B5714921}.Debug|Any CPU.ActiveCfg = Debug|Any CPU
		{445154F7-F90E-4456-A2BF-2246B5714921}.Debug|Any CPU.Build.0 = Debug|Any CPU
		{445154F7-F90E-4456-A2BF-2246B5714921}.Release|Any CPU.ActiveCfg = Release|Any CPU
		{445154F7-F90E-4456-A2BF-2246B5714921}.Release|Any CPU.Build.0 = Release|Any CPU
		{C8A64C57-4865-4707-AFDB-6A43F1A093E2}.Debug|Any CPU.ActiveCfg = Debug|Any CPU
		{C8A64C57-4865-4707-AFDB-6A43F1A093E2}.Debug|Any CPU.Build.0 = Debug|Any CPU
		{C8A64C57-4865-4707-AFDB-6A43F1A093E2}.Release|Any CPU.ActiveCfg = Release|Any CPU
		{C8A64C57-4865-4707-AFDB-6A43F1A093E2}.Release|Any CPU.Build.0 = Release|Any CPU
		{57F66D59-6E5F-4B4D-94FF-5F35350A2B7C}.Debug|Any CPU.ActiveCfg = Debug|Any CPU
		{57F66D59-6E5F-4B4D-94FF-5F35350A2B7C}.Debug|Any CPU.Build.0 = Debug|Any CPU
		{57F66D59-6E5F-4B4D-94FF-5F35350A2B7C}.Release|Any CPU.ActiveCfg = Release|Any CPU
		{57F66D59-6E5F-4B4D-94FF-5F35350A2B7C}.Release|Any CPU.Build.0 = Release|Any CPU
		{EC1D4027-5130-44D4-99D8-696825CE0C16}.Debug|Any CPU.ActiveCfg = Debug|Any CPU
		{EC1D4027-5130-44D4-99D8-696825CE0C16}.Debug|Any CPU.Build.0 = Debug|Any CPU
		{EC1D4027-5130-44D4-99D8-696825CE0C16}.Release|Any CPU.ActiveCfg = Release|Any CPU
		{EC1D4027-5130-44D4-99D8-696825CE0C16}.Release|Any CPU.Build.0 = Release|Any CPU
		{0BC0D44A-6F84-4767-80E2-FCAD775DECE5}.Debug|Any CPU.ActiveCfg = Debug|Any CPU
		{0BC0D44A-6F84-4767-80E2-FCAD775DECE5}.Debug|Any CPU.Build.0 = Debug|Any CPU
		{0BC0D44A-6F84-4767-80E2-FCAD775DECE5}.Release|Any CPU.ActiveCfg = Release|Any CPU
		{0BC0D44A-6F84-4767-80E2-FCAD775DECE5}.Release|Any CPU.Build.0 = Release|Any CPU
	EndGlobalSection
	GlobalSection(SolutionProperties) = preSolution
		HideSolutionNode = FALSE
	EndGlobalSection
	GlobalSection(NestedProjects) = preSolution
		{14BD4336-F4AC-4343-896A-1CADB873A8D9} = {AA2AC848-AEDA-47C2-A796-EF2087772909}
		{B2613598-0603-4775-9F02-981DBF95CD0A} = {14BD4336-F4AC-4343-896A-1CADB873A8D9}
		{419EB23C-25F9-43FC-B4AA-B75B2076A46F} = {14BD4336-F4AC-4343-896A-1CADB873A8D9}
		{49954E66-D055-45BC-A1BB-453D2A62B2E3} = {14BD4336-F4AC-4343-896A-1CADB873A8D9}
		{E5730B17-9EBE-4CDC-9F15-9FE4CD918BFA} = {14BD4336-F4AC-4343-896A-1CADB873A8D9}
		{2E374A7B-93B2-451F-A57E-C1AE6EE9EE34} = {14BD4336-F4AC-4343-896A-1CADB873A8D9}
		{8ECD57BA-B9CA-4924-B893-92F2E57F730B} = {14BD4336-F4AC-4343-896A-1CADB873A8D9}
		{35C0E81C-919E-4062-B5AD-114C24A4A7FA} = {14BD4336-F4AC-4343-896A-1CADB873A8D9}
		{A4A06936-BD3E-4B1D-8BB6-20AA1E110AB9} = {14BD4336-F4AC-4343-896A-1CADB873A8D9}
		{8F93687E-1665-4343-8DAE-2321D3845E86} = {14BD4336-F4AC-4343-896A-1CADB873A8D9}
		{E5A9B4A8-DF8A-4B3E-B096-B8572BF5C2F9} = {14BD4336-F4AC-4343-896A-1CADB873A8D9}
		{827EFA96-972B-438C-B39C-87134465C8E2} = {14BD4336-F4AC-4343-896A-1CADB873A8D9}
		{9C447DBA-7AFB-4BBD-9AA4-FC6A7CCB5297} = {14BD4336-F4AC-4343-896A-1CADB873A8D9}
		{445154F7-F90E-4456-A2BF-2246B5714921} = {14BD4336-F4AC-4343-896A-1CADB873A8D9}
		{317A9AC1-68B9-4F3C-B326-A5BB6CB1E181} = {AA2AC848-AEDA-47C2-A796-EF2087772909}
		{C8A64C57-4865-4707-AFDB-6A43F1A093E2} = {317A9AC1-68B9-4F3C-B326-A5BB6CB1E181}
		{57F66D59-6E5F-4B4D-94FF-5F35350A2B7C} = {14BD4336-F4AC-4343-896A-1CADB873A8D9}
		{EC1D4027-5130-44D4-99D8-696825CE0C16} = {14BD4336-F4AC-4343-896A-1CADB873A8D9}
		{0BC0D44A-6F84-4767-80E2-FCAD775DECE5} = {14BD4336-F4AC-4343-896A-1CADB873A8D9}
	EndGlobalSection
	GlobalSection(ExtensibilityGlobals) = postSolution
		SolutionGuid = {90B0BAB8-3C6B-478C-989F-51637AD716FC}
	EndGlobalSection
EndGlobal
